
Microsoft Visual Studio Solution File, Format Version 12.00
# Visual Studio Version 17
VisualStudioVersion = 17.2.32616.157
MinimumVisualStudioVersion = 10.0.40219.1
Project("{8BC9CEB8-8B4A-11D0-8D11-00A0C91BC942}") = "hourglass-2DArray", "hourglass-2DArray\hourglass-2DArray.vcxproj", "{6CD13109-6D7C-4E70-BBE0-5D79640EE3F5}"
EndProject
Global
	GlobalSection(SolutionConfigurationPlatforms) = preSolution
		Debug|x64 = Debug|x64
		Debug|x86 = Debug|x86
		Release|x64 = Release|x64
		Release|x86 = Release|x86
	EndGlobalSection
	GlobalSection(ProjectConfigurationPlatforms) = postSolution
		{6CD13109-6D7C-4E70-BBE0-5D79640EE3F5}.Debug|x64.ActiveCfg = Debug|x64
		{6CD13109-6D7C-4E70-BBE0-5D79640EE3F5}.Debug|x64.Build.0 = Debug|x64
		{6CD13109-6D7C-4E70-BBE0-5D79640EE3F5}.Debug|x86.ActiveCfg = Debug|Win32
		{6CD13109-6D7C-4E70-BBE0-5D79640EE3F5}.Debug|x86.Build.0 = Debug|Win32
		{6CD13109-6D7C-4E70-BBE0-5D79640EE3F5}.Release|x64.ActiveCfg = Release|x64
		{6CD13109-6D7C-4E70-BBE0-5D79640EE3F5}.Release|x64.Build.0 = Release|x64
		{6CD13109-6D7C-4E70-BBE0-5D79640EE3F5}.Release|x86.ActiveCfg = Release|Win32
		{6CD13109-6D7C-4E70-BBE0-5D79640EE3F5}.Release|x86.Build.0 = Release|Win32
	EndGlobalSection
	GlobalSection(SolutionProperties) = preSolution
		HideSolutionNode = FALSE
	EndGlobalSection
	GlobalSection(ExtensibilityGlobals) = postSolution
		SolutionGuid = {928E18BC-4F35-4AB3-8ED9-C7C80BE0D7A1}
	EndGlobalSection
EndGlobal
